
Microsoft Visual Studio Solution File, Format Version 12.00
# Visual Studio Version 16
VisualStudioVersion = 16.0.31005.135
MinimumVisualStudioVersion = 10.0.40219.1
Project("{FAE04EC0-301F-11D3-BF4B-00C04F79EFBC}") = "OSLab3", "OSLab3\OSLab3.csproj", "{913AD3C8-CBA0-43A2-94BE-539B88736763}"
EndProject
Global
	GlobalSection(SolutionConfigurationPlatforms) = preSolution
		Debug|Any CPU = Debug|Any CPU
		Release|Any CPU = Release|Any CPU
	EndGlobalSection
	GlobalSection(ProjectConfigurationPlatforms) = postSolution
		{913AD3C8-CBA0-43A2-94BE-539B88736763}.Debug|Any CPU.ActiveCfg = Debug|Any CPU
		{913AD3C8-CBA0-43A2-94BE-539B88736763}.Debug|Any CPU.Build.0 = Debug|Any CPU
		{913AD3C8-CBA0-43A2-94BE-539B88736763}.Release|Any CPU.ActiveCfg = Release|Any CPU
		{913AD3C8-CBA0-43A2-94BE-539B88736763}.Release|Any CPU.Build.0 = Release|Any CPU
	EndGlobalSection
	GlobalSection(SolutionProperties) = preSolution
		HideSolutionNode = FALSE
	EndGlobalSection
	GlobalSection(ExtensibilityGlobals) = postSolution
		SolutionGuid = {0BD643B0-8D84-4DD6-9BC8-34D5ACB1E8BF}
	EndGlobalSection
EndGlobal
